<?xml version="1.0" encoding="utf-8"?>
<Project ToolsVersion="16.0" xmlns="http://schemas.microsoft.com/developer/msbuild/2003">
  <ItemGroup>
    <ClCompile Include="C:\Users\saada\Desktop\Github\AdventOfCode\Day1\Solution.cpp">
      <Filter>Source Files</Filter>
    </ClCompile>
  </ItemGroup>
  <ItemGroup>
    <CustomBuild Include="C:\Users\saada\Desktop\Github\AdventOfCode\Day1\CMakeLists.txt" />
  </ItemGroup>
  <ItemGroup>
    <None Include="C:\Users\saada\Desktop\Github\AdventOfCode\Day1\Input.txt" />
  </ItemGroup>
  <ItemGroup>
    <Filter Include="Source Files">
      <UniqueIdentifier>{425D4AE3-0F81-3A13-858D-381420A67B11}</UniqueIdentifier>
    </Filter>
  </ItemGroup>
</Project>
