<?xml version="1.0" encoding="utf-8"?>
<Project ToolsVersion="16.0" xmlns="http://schemas.microsoft.com/developer/msbuild/2003">
  <ItemGroup>
    <CustomBuild Include="C:\Users\saada\Desktop\Github\AdventOfCode\CMakeFiles\eb91d14a5826d4c58d1b27c0581defe4\generate.stamp.rule">
      <Filter>CMake Rules</Filter>
    </CustomBuild>
  </ItemGroup>
  <ItemGroup>
    <Filter Include="CMake Rules">
      <UniqueIdentifier>{A755D0D2-6E42-3FE5-B53F-75896F56AE4F}</UniqueIdentifier>
    </Filter>
  </ItemGroup>
</Project>
